{
  "name": "phpboostrap5framework",
  "version": "1.0.0",
  "lockfileVersion": 2,
  "requires": true,
  "packages": {
    "": {
      "name": "phpboostrap5framework",
      "version": "1.0.0",
      "license": "ISC",
      "dependencies": {
        "bootstrap": "^5.2.2",
        "bootstrap-icons": "^1.10.3",
        "phaser": "^3.55.2",
        "three": "^0.148.0",
        "three-orbitcontrols": "^2.110.3"
      }
    },
    "node_modules/@popperjs/core": {
      "version": "2.11.6",
      "resolved": "https://registry.npmjs.org/@popperjs/core/-/core-2.11.6.tgz",
      "integrity": "sha512-50/17A98tWUfQ176raKiOGXuYpLyyVMkxxG6oylzL3BPOlA6ADGdK7EYunSa4I064xerltq9TGXs8HmOk5E+vw==",
      "peer": true,
      "funding": {
        "type": "opencollective",
        "url": "https://opencollective.com/popperjs"
      }
    },
    "node_modules/bootstrap": {
      "version": "5.2.2",
      "resolved": "https://registry.npmjs.org/bootstrap/-/bootstrap-5.2.2.tgz",
      "integrity": "sha512-dEtzMTV71n6Fhmbg4fYJzQsw1N29hJKO1js5ackCgIpDcGid2ETMGC6zwSYw09v05Y+oRdQ9loC54zB1La3hHQ==",
      "funding": [
        {
          "type": "github",
          "url": "https://github.com/sponsors/twbs"
        },
        {
          "type": "opencollective",
          "url": "https://opencollective.com/bootstrap"
        }
      ],
      "peerDependencies": {
        "@popperjs/core": "^2.11.6"
      }
    },
    "node_modules/bootstrap-icons": {
      "version": "1.10.3",
      "resolved": "https://registry.npmjs.org/bootstrap-icons/-/bootstrap-icons-1.10.3.tgz",
      "integrity": "sha512-7Qvj0j0idEm/DdX9Q0CpxAnJYqBCFCiUI6qzSPYfERMcokVuV9Mdm/AJiVZI8+Gawe4h/l6zFcOzvV7oXCZArw=="
    },
    "node_modules/eventemitter3": {
      "version": "4.0.7",
      "resolved": "https://registry.npmjs.org/eventemitter3/-/eventemitter3-4.0.7.tgz",
      "integrity": "sha512-8guHBZCwKnFhYdHr2ysuRWErTwhoN2X8XELRlrRwpmfeY2jjuUN4taQMsULKUVo1K4DvZl+0pgfyoysHxvmvEw=="
    },
    "node_modules/inherits": {
      "version": "2.0.3",
      "resolved": "https://registry.npmjs.org/inherits/-/inherits-2.0.3.tgz",
      "integrity": "sha512-x00IRNXNy63jwGkJmzPigoySHbaqpNuzKbBOmzK+g2OdZpQ9w+sxCN+VSB3ja7IAge2OP2qpfxTjeNcyjmW1uw=="
    },
    "node_modules/path": {
      "version": "0.12.7",
      "resolved": "https://registry.npmjs.org/path/-/path-0.12.7.tgz",
      "integrity": "sha512-aXXC6s+1w7otVF9UletFkFcDsJeO7lSZBPUQhtb5O0xJe8LtYhj/GxldoL09bBj9+ZmE2hNoHqQSFMN5fikh4Q==",
      "dependencies": {
        "process": "^0.11.1",
        "util": "^0.10.3"
      }
    },
    "node_modules/phaser": {
      "version": "3.55.2",
      "resolved": "https://registry.npmjs.org/phaser/-/phaser-3.55.2.tgz",
      "integrity": "sha512-amKXsbb2Ht29dGPKvt1edq3yGGYKtq8373GpJYGKPNPnneYY6MtVTOgjHDuZwtmUyK4v86FugkT3hzW/N4tjxQ==",
      "dependencies": {
        "eventemitter3": "^4.0.7",
        "path": "^0.12.7"
      }
    },
    "node_modules/process": {
      "version": "0.11.10",
      "resolved": "https://registry.npmjs.org/process/-/process-0.11.10.tgz",
      "integrity": "sha512-cdGef/drWFoydD1JsMzuFf8100nZl+GT+yacc2bEced5f9Rjk4z+WtFUTBu9PhOi9j/jfmBPu0mMEY4wIdAF8A==",
      "engines": {
        "node": ">= 0.6.0"
      }
    },
    "node_modules/three": {
      "version": "0.148.0",
      "resolved": "https://registry.npmjs.org/three/-/three-0.148.0.tgz",
      "integrity": "sha512-8uzVV+qhTPi0bOFs/3te3RW6hb3urL8jYEl6irjCWo/l6sr8MPNMcClFev/MMYeIxr0gmDcoXTy/8LXh/LXkfw=="
    },
    "node_modules/three-orbitcontrols": {
      "version": "2.110.3",
      "resolved": "https://registry.npmjs.org/three-orbitcontrols/-/three-orbitcontrols-2.110.3.tgz",
      "integrity": "sha512-BNNbksJwbN3/MmT0X/gjz5ZCchm7bjk26SUdtJYRxfEYjDfkb/0PeUTHE/KuyJ5vb/owK3mojyy3vcqDx99sRA==",
      "deprecated": "three-js exposes real modules now via three/examples/jsm/...\nfor example to import Orbit, do\nimport { OrbitControls } from 'three/examples/jsm/controls/OrbitControls'\n",
      "peerDependencies": {
        "three": ">= 0.110.0"
      }
    },
    "node_modules/util": {
      "version": "0.10.4",
      "resolved": "https://registry.npmjs.org/util/-/util-0.10.4.tgz",
      "integrity": "sha512-0Pm9hTQ3se5ll1XihRic3FDIku70C+iHUdT/W926rSgHV5QgXsYbKZN8MSC3tJtSkhuROzvsQjAaFENRXr+19A==",
      "dependencies": {
        "inherits": "2.0.3"
      }
    }
  },
  "dependencies": {
    "@popperjs/core": {
      "version": "2.11.6",
      "resolved": "https://registry.npmjs.org/@popperjs/core/-/core-2.11.6.tgz",
      "integrity": "sha512-50/17A98tWUfQ176raKiOGXuYpLyyVMkxxG6oylzL3BPOlA6ADGdK7EYunSa4I064xerltq9TGXs8HmOk5E+vw==",
      "peer": true
    },
    "bootstrap": {
      "version": "5.2.2",
      "resolved": "https://registry.npmjs.org/bootstrap/-/bootstrap-5.2.2.tgz",
      "integrity": "sha512-dEtzMTV71n6Fhmbg4fYJzQsw1N29hJKO1js5ackCgIpDcGid2ETMGC6zwSYw09v05Y+oRdQ9loC54zB1La3hHQ==",
      "requires": {}
    },
    "bootstrap-icons": {
      "version": "1.10.3",
      "resolved": "https://registry.npmjs.org/bootstrap-icons/-/bootstrap-icons-1.10.3.tgz",
      "integrity": "sha512-7Qvj0j0idEm/DdX9Q0CpxAnJYqBCFCiUI6qzSPYfERMcokVuV9Mdm/AJiVZI8+Gawe4h/l6zFcOzvV7oXCZArw=="
    },
    "eventemitter3": {
      "version": "4.0.7",
      "resolved": "https://registry.npmjs.org/eventemitter3/-/eventemitter3-4.0.7.tgz",
      "integrity": "sha512-8guHBZCwKnFhYdHr2ysuRWErTwhoN2X8XELRlrRwpmfeY2jjuUN4taQMsULKUVo1K4DvZl+0pgfyoysHxvmvEw=="
    },
    "inherits": {
      "version": "2.0.3",
      "resolved": "https://registry.npmjs.org/inherits/-/inherits-2.0.3.tgz",
      "integrity": "sha512-x00IRNXNy63jwGkJmzPigoySHbaqpNuzKbBOmzK+g2OdZpQ9w+sxCN+VSB3ja7IAge2OP2qpfxTjeNcyjmW1uw=="
    },
    "path": {
      "version": "0.12.7",
      "resolved": "https://registry.npmjs.org/path/-/path-0.12.7.tgz",
      "integrity": "sha512-aXXC6s+1w7otVF9UletFkFcDsJeO7lSZBPUQhtb5O0xJe8LtYhj/GxldoL09bBj9+ZmE2hNoHqQSFMN5fikh4Q==",
      "requires": {
        "process": "^0.11.1",
        "util": "^0.10.3"
      }
    },
    "phaser": {
      "version": "3.55.2",
      "resolved": "https://registry.npmjs.org/phaser/-/phaser-3.55.2.tgz",
      "integrity": "sha512-amKXsbb2Ht29dGPKvt1edq3yGGYKtq8373GpJYGKPNPnneYY6MtVTOgjHDuZwtmUyK4v86FugkT3hzW/N4tjxQ==",
      "requires": {
        "eventemitter3": "^4.0.7",
        "path": "^0.12.7"
      }
    },
    "process": {
      "version": "0.11.10",
      "resolved": "https://registry.npmjs.org/process/-/process-0.11.10.tgz",
      "integrity": "sha512-cdGef/drWFoydD1JsMzuFf8100nZl+GT+yacc2bEced5f9Rjk4z+WtFUTBu9PhOi9j/jfmBPu0mMEY4wIdAF8A=="
    },
    "three": {
      "version": "0.148.0",
      "resolved": "https://registry.npmjs.org/three/-/three-0.148.0.tgz",
      "integrity": "sha512-8uzVV+qhTPi0bOFs/3te3RW6hb3urL8jYEl6irjCWo/l6sr8MPNMcClFev/MMYeIxr0gmDcoXTy/8LXh/LXkfw=="
    },
    "three-orbitcontrols": {
      "version": "2.110.3",
      "resolved": "https://registry.npmjs.org/three-orbitcontrols/-/three-orbitcontrols-2.110.3.tgz",
      "integrity": "sha512-BNNbksJwbN3/MmT0X/gjz5ZCchm7bjk26SUdtJYRxfEYjDfkb/0PeUTHE/KuyJ5vb/owK3mojyy3vcqDx99sRA==",
      "requires": {}
    },
    "util": {
      "version": "0.10.4",
      "resolved": "https://registry.npmjs.org/util/-/util-0.10.4.tgz",
      "integrity": "sha512-0Pm9hTQ3se5ll1XihRic3FDIku70C+iHUdT/W926rSgHV5QgXsYbKZN8MSC3tJtSkhuROzvsQjAaFENRXr+19A==",
      "requires": {
        "inherits": "2.0.3"
      }
    }
  }
}
